
Microsoft Visual Studio Solution File, Format Version 12.00
# Visual Studio Version 17
VisualStudioVersion = 17.5.002.0
MinimumVisualStudioVersion = 10.0.40219.1
Project("{9A19103F-16F7-4668-BE54-9A1E7A4F7556}") = "riceCooker", "riceCooker.csproj", "{E5D64FD6-413C-40CF-A748-02D07F06CD0A}"
EndProject
Global
	GlobalSection(SolutionConfigurationPlatforms) = preSolution
		Debug|Any CPU = Debug|Any CPU
		Release|Any CPU = Release|Any CPU
	EndGlobalSection
	GlobalSection(ProjectConfigurationPlatforms) = postSolution
		{E5D64FD6-413C-40CF-A748-02D07F06CD0A}.Debug|Any CPU.ActiveCfg = Debug|Any CPU
		{E5D64FD6-413C-40CF-A748-02D07F06CD0A}.Debug|Any CPU.Build.0 = Debug|Any CPU
		{E5D64FD6-413C-40CF-A748-02D07F06CD0A}.Release|Any CPU.ActiveCfg = Release|Any CPU
		{E5D64FD6-413C-40CF-A748-02D07F06CD0A}.Release|Any CPU.Build.0 = Release|Any CPU
	EndGlobalSection
	GlobalSection(SolutionProperties) = preSolution
		HideSolutionNode = FALSE
	EndGlobalSection
	GlobalSection(ExtensibilityGlobals) = postSolution
		SolutionGuid = {98955CD1-DB6F-47EF-AA06-1B0791F12B87}
	EndGlobalSection
EndGlobal
